{
  "nodes": {
    "devenv": {
      "locked": {
        "dir": "src/modules",
        "lastModified": 1773852093,
        "narHash": "sha256-oLwpHqWk385e5hmiXSGsqSn8K+wGrBH/OOb9bkQ2bnA=",
        "owner": "cachix",
        "repo": "devenv",
        "rev": "e16a58465c5e2ef8d5467c0cf5a88702b886ecb8",
        "type": "github"
      },
      "original": {
        "dir": "src/modules",
        "owner": "cachix",
        "repo": "devenv",
        "type": "github"
      }
    },
    "nixpkgs": {
      "inputs": {
        "nixpkgs-src": "nixpkgs-src"
      },
      "locked": {
        "lastModified": 1773704619,
        "narHash": "sha256-LKtmit8Sr81z8+N2vpIaN/fyiQJ8f7XJ6tMSKyDVQ9s=",
        "owner": "cachix",
        "repo": "devenv-nixpkgs",
        "rev": "906534d75b0e2fe74a719559dfb1ad3563485f43",
        "type": "github"
      },
      "original": {
        "owner": "cachix",
        "ref": "rolling",
        "repo": "devenv-nixpkgs",
        "type": "github"
      }
    },
    "nixpkgs-src": {
      "flake": false,
      "locked": {
        "lastModified": 1773597492,
        "narHash": "sha256-hQ284SkIeNaeyud+LS0WVLX+WL2rxcVZLFEaK0e03zg=",
        "owner": "NixOS",
        "repo": "nixpkgs",
        "rev": "a07d4ce6bee67d7c838a8a5796e75dff9caa21ef",
        "type": "github"
      },
      "original": {
        "owner": "NixOS",
        "ref": "nixpkgs-unstable",
        "repo": "nixpkgs",
        "type": "github"
      }
    },
    "nixpkgs-unstable": {
      "locked": {
        "lastModified": 1773628058,
        "narHash": "sha256-hpXH0z3K9xv0fHaje136KY872VT2T5uwxtezlAskQgY=",
        "owner": "nixos",
        "repo": "nixpkgs",
        "rev": "f8573b9c935cfaa162dd62cc9e75ae2db86f85df",
        "type": "github"
      },
      "original": {
        "owner": "nixos",
        "ref": "nixpkgs-unstable",
        "repo": "nixpkgs",
        "type": "github"
      }
    },
    "root": {
      "inputs": {
        "devenv": "devenv",
        "nixpkgs": "nixpkgs",
        "nixpkgs-unstable": "nixpkgs-unstable",
        "storm-ops": "storm-ops"
      }
    },
    "storm-ops": {
      "flake": false,
      "locked": {
        "lastModified": 1773867326,
        "narHash": "sha256-9We8db82252YOz4EvfrZeI+sbzkWk2dUd03Jy2iI4Ac=",
        "owner": "storm-software",
        "repo": "storm-ops",
        "rev": "7e9677f2e213d153e28bbc0c694fc750770529a0",
        "type": "github"
      },
      "original": {
        "owner": "storm-software",
        "ref": "main",
        "repo": "storm-ops",
        "type": "github"
      }
    }
  },
  "root": "root",
  "version": 7
}